// !$*UTF8*$!
{
	archiveVersion = 1;
	classes = {
	};
	objectVersion = 50;
	objects = {

/* Begin PBXBuildFile section */
		FC005E8026323A5E00912C30 /* TypeSelectionViewController.swift in Sources */ = {isa = PBXBuildFile; fileRef = FC005E7F26323A5E00912C30 /* TypeSelectionViewController.swift */; };
		FC1FE5DE25FB000000FD9C3D /* AppDelegate.swift in Sources */ = {isa = PBXBuildFile; fileRef = FC1FE5DD25FB000000FD9C3D /* AppDelegate.swift */; };
		FC1FE5E025FB000000FD9C3D /* SceneDelegate.swift in Sources */ = {isa = PBXBuildFile; fileRef = FC1FE5DF25FB000000FD9C3D /* SceneDelegate.swift */; };
		FC1FE5E225FB000000FD9C3D /* ViewController.swift in Sources */ = {isa = PBXBuildFile; fileRef = FC1FE5E125FB000000FD9C3D /* ViewController.swift */; };
		FC1FE5E525FB000000FD9C3D /* Main.storyboard in Resources */ = {isa = PBXBuildFile; fileRef = FC1FE5E325FB000000FD9C3D /* Main.storyboard */; };
		FC1FE5E725FB000300FD9C3D /* Assets.xcassets in Resources */ = {isa = PBXBuildFile; fileRef = FC1FE5E625FB000300FD9C3D /* Assets.xcassets */; };
		FC1FE5EA25FB000300FD9C3D /* LaunchScreen.storyboard in Resources */ = {isa = PBXBuildFile; fileRef = FC1FE5E825FB000300FD9C3D /* LaunchScreen.storyboard */; };
		FC1FE5F325FB005100FD9C3D /* TableViewController.swift in Sources */ = {isa = PBXBuildFile; fileRef = FC1FE5F225FB005100FD9C3D /* TableViewController.swift */; };
		FC1FE5F625FB015500FD9C3D /* Joke.swift in Sources */ = {isa = PBXBuildFile; fileRef = FC1FE5F525FB015500FD9C3D /* Joke.swift */; };
		FC1FE5FA25FC703F00FD9C3D /* JokesResult.swift in Sources */ = {isa = PBXBuildFile; fileRef = FC1FE5F925FC703F00FD9C3D /* JokesResult.swift */; };
		FC1FE5FD25FDB07000FD9C3D /* DetailViewController.swift in Sources */ = {isa = PBXBuildFile; fileRef = FC1FE5FC25FDB07000FD9C3D /* DetailViewController.swift */; };
		FC6D8992262E678B00C6D699 /* JokeAPI.swift in Sources */ = {isa = PBXBuildFile; fileRef = FC6D8991262E678B00C6D699 /* JokeAPI.swift */; };
/* End PBXBuildFile section */

/* Begin PBXFileReference section */
		FC005E7F26323A5E00912C30 /* TypeSelectionViewController.swift */ = {isa = PBXFileReference; lastKnownFileType = sourcecode.swift; path = TypeSelectionViewController.swift; sourceTree = "<group>"; };
		FC1FE5DA25FB000000FD9C3D /* JokeDispenser.app */ = {isa = PBXFileReference; explicitFileType = wrapper.application; includeInIndex = 0; path = JokeDispenser.app; sourceTree = BUILT_PRODUCTS_DIR; };
		FC1FE5DD25FB000000FD9C3D /* AppDelegate.swift */ = {isa = PBXFileReference; lastKnownFileType = sourcecode.swift; path = AppDelegate.swift; sourceTree = "<group>"; };
		FC1FE5DF25FB000000FD9C3D /* SceneDelegate.swift */ = {isa = PBXFileReference; lastKnownFileType = sourcecode.swift; path = SceneDelegate.swift; sourceTree = "<group>"; };
		FC1FE5E125FB000000FD9C3D /* ViewController.swift */ = {isa = PBXFileReference; lastKnownFileType = sourcecode.swift; path = ViewController.swift; sourceTree = "<group>"; };
		FC1FE5E425FB000000FD9C3D /* Base */ = {isa = PBXFileReference; lastKnownFileType = file.storyboard; name = Base; path = Base.lproj/Main.storyboard; sourceTree = "<group>"; };
		FC1FE5E625FB000300FD9C3D /* Assets.xcassets */ = {isa = PBXFileReference; lastKnownFileType = folder.assetcatalog; path = Assets.xcassets; sourceTree = "<group>"; };
		FC1FE5E925FB000300FD9C3D /* Base */ = {isa = PBXFileReference; lastKnownFileType = file.storyboard; name = Base; path = Base.lproj/LaunchScreen.storyboard; sourceTree = "<group>"; };
		FC1FE5EB25FB000300FD9C3D /* Info.plist */ = {isa = PBXFileReference; lastKnownFileType = text.plist.xml; path = Info.plist; sourceTree = "<group>"; };
		FC1FE5F225FB005100FD9C3D /* TableViewController.swift */ = {isa = PBXFileReference; lastKnownFileType = sourcecode.swift; path = TableViewController.swift; sourceTree = "<group>"; };
		FC1FE5F525FB015500FD9C3D /* Joke.swift */ = {isa = PBXFileReference; lastKnownFileType = sourcecode.swift; path = Joke.swift; sourceTree = "<group>"; };
		FC1FE5F925FC703F00FD9C3D /* JokesResult.swift */ = {isa = PBXFileReference; lastKnownFileType = sourcecode.swift; path = JokesResult.swift; sourceTree = "<group>"; };
		FC1FE5FC25FDB07000FD9C3D /* DetailViewController.swift */ = {isa = PBXFileReference; lastKnownFileType = sourcecode.swift; path = DetailViewController.swift; sourceTree = "<group>"; };
		FC6D8991262E678B00C6D699 /* JokeAPI.swift */ = {isa = PBXFileReference; lastKnownFileType = sourcecode.swift; path = JokeAPI.swift; sourceTree = "<group>"; };
/* End PBXFileReference section */

/* Begin PBXFrameworksBuildPhase section */
		FC1FE5D725FB000000FD9C3D /* Frameworks */ = {
			isa = PBXFrameworksBuildPhase;
			buildActionMask = 2147483647;
			files = (
			);
			runOnlyForDeploymentPostprocessing = 0;
		};
/* End PBXFrameworksBuildPhase section */

/* Begin PBXGroup section */
		FC1FE5D125FB000000FD9C3D = {
			isa = PBXGroup;
			children = (
				FC1FE5DC25FB000000FD9C3D /* JokeDispenser */,
				FC1FE5DB25FB000000FD9C3D /* Products */,
			);
			sourceTree = "<group>";
		};
		FC1FE5DB25FB000000FD9C3D /* Products */ = {
			isa = PBXGroup;
			children = (
				FC1FE5DA25FB000000FD9C3D /* JokeDispenser.app */,
			);
			name = Products;
			sourceTree = "<group>";
		};
		FC1FE5DC25FB000000FD9C3D /* JokeDispenser */ = {
			isa = PBXGroup;
			children = (
				FC1FE5DD25FB000000FD9C3D /* AppDelegate.swift */,
				FC1FE5DF25FB000000FD9C3D /* SceneDelegate.swift */,
				FC1FE5E125FB000000FD9C3D /* ViewController.swift */,
				FC6D8991262E678B00C6D699 /* JokeAPI.swift */,
				FC1FE5FC25FDB07000FD9C3D /* DetailViewController.swift */,
				FC1FE5F525FB015500FD9C3D /* Joke.swift */,
				FC005E7F26323A5E00912C30 /* TypeSelectionViewController.swift */,
				FC1FE5F925FC703F00FD9C3D /* JokesResult.swift */,
				FC1FE5E325FB000000FD9C3D /* Main.storyboard */,
				FC1FE5E625FB000300FD9C3D /* Assets.xcassets */,
				FC1FE5E825FB000300FD9C3D /* LaunchScreen.storyboard */,
				FC1FE5F225FB005100FD9C3D /* TableViewController.swift */,
				FC1FE5EB25FB000300FD9C3D /* Info.plist */,
			);
			path = JokeDispenser;
			sourceTree = "<group>";
		};
/* End PBXGroup section */

/* Begin PBXNativeTarget section */
		FC1FE5D925FB000000FD9C3D /* JokeDispenser */ = {
			isa = PBXNativeTarget;
			buildConfigurationList = FC1FE5EE25FB000300FD9C3D /* Build configuration list for PBXNativeTarget "JokeDispenser" */;
			buildPhases = (
				FC1FE5D625FB000000FD9C3D /* Sources */,
				FC1FE5D725FB000000FD9C3D /* Frameworks */,
				FC1FE5D825FB000000FD9C3D /* Resources */,
			);
			buildRules = (
			);
			dependencies = (
			);
			name = JokeDispenser;
			productName = JokeDispenser;
			productReference = FC1FE5DA25FB000000FD9C3D /* JokeDispenser.app */;
			productType = "com.apple.product-type.application";
		};
/* End PBXNativeTarget section */

/* Begin PBXProject section */
		FC1FE5D225FB000000FD9C3D /* Project object */ = {
			isa = PBXProject;
			attributes = {
				LastSwiftUpdateCheck = 1240;
				LastUpgradeCheck = 1240;
				TargetAttributes = {
					FC1FE5D925FB000000FD9C3D = {
						CreatedOnToolsVersion = 12.4;
					};
				};
			};
			buildConfigurationList = FC1FE5D525FB000000FD9C3D /* Build configuration list for PBXProject "JokeDispenser" */;
			compatibilityVersion = "Xcode 9.3";
			developmentRegion = en;
			hasScannedForEncodings = 0;
			knownRegions = (
				en,
				Base,
			);
			mainGroup = FC1FE5D125FB000000FD9C3D;
			productRefGroup = FC1FE5DB25FB000000FD9C3D /* Products */;
			projectDirPath = "";
			projectRoot = "";
			targets = (
				FC1FE5D925FB000000FD9C3D /* JokeDispenser */,
			);
		};
/* End PBXProject section */

/* Begin PBXResourcesBuildPhase section */
		FC1FE5D825FB000000FD9C3D /* Resources */ = {
			isa = PBXResourcesBuildPhase;
			buildActionMask = 2147483647;
			files = (
				FC1FE5EA25FB000300FD9C3D /* LaunchScreen.storyboard in Resources */,
				FC1FE5E725FB000300FD9C3D /* Assets.xcassets in Resources */,
				FC1FE5E525FB000000FD9C3D /* Main.storyboard in Resources */,
			);
			runOnlyForDeploymentPostprocessing = 0;
		};
/* End PBXResourcesBuildPhase section */

/* Begin PBXSourcesBuildPhase section */
		FC1FE5D625FB000000FD9C3D /* Sources */ = {
			isa = PBXSourcesBuildPhase;
			buildActionMask = 2147483647;
			files = (
				FC1FE5E225FB000000FD9C3D /* ViewController.swift in Sources */,
				FC005E8026323A5E00912C30 /* TypeSelectionViewController.swift in Sources */,
				FC1FE5F625FB015500FD9C3D /* Joke.swift in Sources */,
				FC1FE5DE25FB000000FD9C3D /* AppDelegate.swift in Sources */,
				FC6D8992262E678B00C6D699 /* JokeAPI.swift in Sources */,
				FC1FE5FA25FC703F00FD9C3D /* JokesResult.swift in Sources */,
				FC1FE5E025FB000000FD9C3D /* SceneDelegate.swift in Sources */,
				FC1FE5F325FB005100FD9C3D /* TableViewController.swift in Sources */,
				FC1FE5FD25FDB07000FD9C3D /* DetailViewController.swift in Sources */,
			);
			runOnlyForDeploymentPostprocessing = 0;
		};
/* End PBXSourcesBuildPhase section */

/* Begin PBXVariantGroup section */
		FC1FE5E325FB000000FD9C3D /* Main.storyboard */ = {
			isa = PBXVariantGroup;
			children = (
				FC1FE5E425FB000000FD9C3D /* Base */,
			);
			name = Main.storyboard;
			sourceTree = "<group>";
		};
		FC1FE5E825FB000300FD9C3D /* LaunchScreen.storyboard */ = {
			isa = PBXVariantGroup;
			children = (
				FC1FE5E925FB000300FD9C3D /* Base */,
			);
			name = LaunchScreen.storyboard;
			sourceTree = "<group>";
		};
/* End PBXVariantGroup section */

/* Begin XCBuildConfiguration section */
		FC1FE5EC25FB000300FD9C3D /* Debug */ = {
			isa = XCBuildConfiguration;
			buildSettings = {
				ALWAYS_SEARCH_USER_PATHS = NO;
				CLANG_ANALYZER_NONNULL = YES;
				CLANG_ANALYZER_NUMBER_OBJECT_CONVERSION = YES_AGGRESSIVE;
				CLANG_CXX_LANGUAGE_STANDARD = "gnu++14";
				CLANG_CXX_LIBRARY = "libc++";
				CLANG_ENABLE_MODULES = YES;
				CLANG_ENABLE_OBJC_ARC = YES;
				CLANG_ENABLE_OBJC_WEAK = YES;
				CLANG_WARN_BLOCK_CAPTURE_AUTORELEASING = YES;
				CLANG_WARN_BOOL_CONVERSION = YES;
				CLANG_WARN_COMMA = YES;
				CLANG_WARN_CONSTANT_CONVERSION = YES;
				CLANG_WARN_DEPRECATED_OBJC_IMPLEMENTATIONS = YES;
				CLANG_WARN_DIRECT_OBJC_ISA_USAGE = YES_ERROR;
				CLANG_WARN_DOCUMENTATION_COMMENTS = YES;
				CLANG_WARN_EMPTY_BODY = YES;
				CLANG_WARN_ENUM_CONVERSION = YES;
				CLANG_WARN_INFINITE_RECURSION = YES;
				CLANG_WARN_INT_CONVERSION = YES;
				CLANG_WARN_NON_LITERAL_NULL_CONVERSION = YES;
				CLANG_WARN_OBJC_IMPLICIT_RETAIN_SELF = YES;
				CLANG_WARN_OBJC_LITERAL_CONVERSION = YES;
				CLANG_WARN_OBJC_ROOT_CLASS = YES_ERROR;
				CLANG_WARN_QUOTED_INCLUDE_IN_FRAMEWORK_HEADER = YES;
				CLANG_WARN_RANGE_LOOP_ANALYSIS = YES;
				CLANG_WARN_STRICT_PROTOTYPES = YES;
				CLANG_WARN_SUSPICIOUS_MOVE = YES;
				CLANG_WARN_UNGUARDED_AVAILABILITY = YES_AGGRESSIVE;
				CLANG_WARN_UNREACHABLE_CODE = YES;
				CLANG_WARN__DUPLICATE_METHOD_MATCH = YES;
				COPY_PHASE_STRIP = NO;
				DEBUG_INFORMATION_FORMAT = dwarf;
				ENABLE_STRICT_OBJC_MSGSEND = YES;
				ENABLE_TESTABILITY = YES;
				GCC_C_LANGUAGE_STANDARD = gnu11;
				GCC_DYNAMIC_NO_PIC = NO;
				GCC_NO_COMMON_BLOCKS = YES;
				GCC_OPTIMIZATION_LEVEL = 0;
				GCC_PREPROCESSOR_DEFINITIONS = (
					"DEBUG=1",
					"$(inherited)",
				);
				GCC_WARN_64_TO_32_BIT_CONVERSION = YES;
				GCC_WARN_ABOUT_RETURN_TYPE = YES_ERROR;
				GCC_WARN_UNDECLARED_SELECTOR = YES;
				GCC_WARN_UNINITIALIZED_AUTOS = YES_AGGRESSIVE;
				GCC_WARN_UNUSED_FUNCTION = YES;
				GCC_WARN_UNUSED_VARIABLE = YES;
				IPHONEOS_DEPLOYMENT_TARGET = 14.4;
				MTL_ENABLE_DEBUG_INFO = INCLUDE_SOURCE;
				MTL_FAST_MATH = YES;
				ONLY_ACTIVE_ARCH = YES;
				SDKROOT = iphoneos;
				SWIFT_ACTIVE_COMPILATION_CONDITIONS = DEBUG;
				SWIFT_OPTIMIZATION_LEVEL = "-Onone";
			};
			name = Debug;
		};
		FC1FE5ED25FB000300FD9C3D /* Release */ = {
			isa = XCBuildConfiguration;
			buildSettings = {
				ALWAYS_SEARCH_USER_PATHS = NO;
				CLANG_ANALYZER_NONNULL = YES;
				CLANG_ANALYZER_NUMBER_OBJECT_CONVERSION = YES_AGGRESSIVE;
				CLANG_CXX_LANGUAGE_STANDARD = "gnu++14";
				CLANG_CXX_LIBRARY = "libc++";
				CLANG_ENABLE_MODULES = YES;
				CLANG_ENABLE_OBJC_ARC = YES;
				CLANG_ENABLE_OBJC_WEAK = YES;
				CLANG_WARN_BLOCK_CAPTURE_AUTORELEASING = YES;
				CLANG_WARN_BOOL_CONVERSION = YES;
				CLANG_WARN_COMMA = YES;
				CLANG_WARN_CONSTANT_CONVERSION = YES;
				CLANG_WARN_DEPRECATED_OBJC_IMPLEMENTATIONS = YES;
				CLANG_WARN_DIRECT_OBJC_ISA_USAGE = YES_ERROR;
				CLANG_WARN_DOCUMENTATION_COMMENTS = YES;
				CLANG_WARN_EMPTY_BODY = YES;
				CLANG_WARN_ENUM_CONVERSION = YES;
				CLANG_WARN_INFINITE_RECURSION = YES;
				CLANG_WARN_INT_CONVERSION = YES;
				CLANG_WARN_NON_LITERAL_NULL_CONVERSION = YES;
				CLANG_WARN_OBJC_IMPLICIT_RETAIN_SELF = YES;
				CLANG_WARN_OBJC_LITERAL_CONVERSION = YES;
				CLANG_WARN_OBJC_ROOT_CLASS = YES_ERROR;
				CLANG_WARN_QUOTED_INCLUDE_IN_FRAMEWORK_HEADER = YES;
				CLANG_WARN_RANGE_LOOP_ANALYSIS = YES;
				CLANG_WARN_STRICT_PROTOTYPES = YES;
				CLANG_WARN_SUSPICIOUS_MOVE = YES;
				CLANG_WARN_UNGUARDED_AVAILABILITY = YES_AGGRESSIVE;
				CLANG_WARN_UNREACHABLE_CODE = YES;
				CLANG_WARN__DUPLICATE_METHOD_MATCH = YES;
				COPY_PHASE_STRIP = NO;
				DEBUG_INFORMATION_FORMAT = "dwarf-with-dsym";
				ENABLE_NS_ASSERTIONS = NO;
				ENABLE_STRICT_OBJC_MSGSEND = YES;
				GCC_C_LANGUAGE_STANDARD = gnu11;
				GCC_NO_COMMON_BLOCKS = YES;
				GCC_WARN_64_TO_32_BIT_CONVERSION = YES;
				GCC_WARN_ABOUT_RETURN_TYPE = YES_ERROR;
				GCC_WARN_UNDECLARED_SELECTOR = YES;
				GCC_WARN_UNINITIALIZED_AUTOS = YES_AGGRESSIVE;
				GCC_WARN_UNUSED_FUNCTION = YES;
				GCC_WARN_UNUSED_VARIABLE = YES;
				IPHONEOS_DEPLOYMENT_TARGET = 14.4;
				MTL_ENABLE_DEBUG_INFO = NO;
				MTL_FAST_MATH = YES;
				SDKROOT = iphoneos;
				SWIFT_COMPILATION_MODE = wholemodule;
				SWIFT_OPTIMIZATION_LEVEL = "-O";
				VALIDATE_PRODUCT = YES;
			};
			name = Release;
		};
		FC1FE5EF25FB000300FD9C3D /* Debug */ = {
			isa = XCBuildConfiguration;
			buildSettings = {
				ASSETCATALOG_COMPILER_APPICON_NAME = AppIcon;
				ASSETCATALOG_COMPILER_GLOBAL_ACCENT_COLOR_NAME = AccentColor;
				CODE_SIGN_STYLE = Automatic;
				DEVELOPMENT_TEAM = 35FN5AB6A3;
				INFOPLIST_FILE = JokeDispenser/Info.plist;
				LD_RUNPATH_SEARCH_PATHS = (
					"$(inherited)",
					"@executable_path/Frameworks",
				);
				PRODUCT_BUNDLE_IDENTIFIER = com.boldandbadass.JokeDispenser;
				PRODUCT_NAME = "$(TARGET_NAME)";
				SWIFT_VERSION = 5.0;
				TARGETED_DEVICE_FAMILY = "1,2";
			};
			name = Debug;
		};
		FC1FE5F025FB000300FD9C3D /* Release */ = {
			isa = XCBuildConfiguration;
			buildSettings = {
				ASSETCATALOG_COMPILER_APPICON_NAME = AppIcon;
				ASSETCATALOG_COMPILER_GLOBAL_ACCENT_COLOR_NAME = AccentColor;
				CODE_SIGN_STYLE = Automatic;
				DEVELOPMENT_TEAM = 35FN5AB6A3;
				INFOPLIST_FILE = JokeDispenser/Info.plist;
				LD_RUNPATH_SEARCH_PATHS = (
					"$(inherited)",
					"@executable_path/Frameworks",
				);
				PRODUCT_BUNDLE_IDENTIFIER = com.boldandbadass.JokeDispenser;
				PRODUCT_NAME = "$(TARGET_NAME)";
				SWIFT_VERSION = 5.0;
				TARGETED_DEVICE_FAMILY = "1,2";
			};
			name = Release;
		};
/* End XCBuildConfiguration section */

/* Begin XCConfigurationList section */
		FC1FE5D525FB000000FD9C3D /* Build configuration list for PBXProject "JokeDispenser" */ = {
			isa = XCConfigurationList;
			buildConfigurations = (
				FC1FE5EC25FB000300FD9C3D /* Debug */,
				FC1FE5ED25FB000300FD9C3D /* Release */,
			);
			defaultConfigurationIsVisible = 0;
			defaultConfigurationName = Release;
		};
		FC1FE5EE25FB000300FD9C3D /* Build configuration list for PBXNativeTarget "JokeDispenser" */ = {
			isa = XCConfigurationList;
			buildConfigurations = (
				FC1FE5EF25FB000300FD9C3D /* Debug */,
				FC1FE5F025FB000300FD9C3D /* Release */,
			);
			defaultConfigurationIsVisible = 0;
			defaultConfigurationName = Release;
		};
/* End XCConfigurationList section */
	};
	rootObject = FC1FE5D225FB000000FD9C3D /* Project object */;
}
